
Microsoft Visual Studio Solution File, Format Version 12.00
# Visual Studio Version 17
VisualStudioVersion = 17.8.34316.72
MinimumVisualStudioVersion = 10.0.40219.1
Project("{FAE04EC0-301F-11D3-BF4B-00C04F79EFBC}") = "ComparingCharacteArrays", "ComparingCharacteArrays\ComparingCharacteArrays.csproj", "{1B0EFB6E-4B42-42DC-B538-03F08DCDCEB4}"
EndProject
Project("{FAE04EC0-301F-11D3-BF4B-00C04F79EFBC}") = "MergingOrderedArrays", "MergingOrderedArrays\MergingOrderedArrays.csproj", "{7F2D0AB9-D674-419F-9D8E-08E14A34E4B4}"
EndProject
Project("{FAE04EC0-301F-11D3-BF4B-00C04F79EFBC}") = "Sort", "Sort\Sort.csproj", "{A7AC7BAC-8AA0-4EDC-BCE2-7DD2069586A2}"
EndProject
Global
	GlobalSection(SolutionConfigurationPlatforms) = preSolution
		Debug|Any CPU = Debug|Any CPU
		Release|Any CPU = Release|Any CPU
	EndGlobalSection
	GlobalSection(ProjectConfigurationPlatforms) = postSolution
		{1B0EFB6E-4B42-42DC-B538-03F08DCDCEB4}.Debug|Any CPU.ActiveCfg = Debug|Any CPU
		{1B0EFB6E-4B42-42DC-B538-03F08DCDCEB4}.Debug|Any CPU.Build.0 = Debug|Any CPU
		{1B0EFB6E-4B42-42DC-B538-03F08DCDCEB4}.Release|Any CPU.ActiveCfg = Release|Any CPU
		{1B0EFB6E-4B42-42DC-B538-03F08DCDCEB4}.Release|Any CPU.Build.0 = Release|Any CPU
		{7F2D0AB9-D674-419F-9D8E-08E14A34E4B4}.Debug|Any CPU.ActiveCfg = Debug|Any CPU
		{7F2D0AB9-D674-419F-9D8E-08E14A34E4B4}.Debug|Any CPU.Build.0 = Debug|Any CPU
		{7F2D0AB9-D674-419F-9D8E-08E14A34E4B4}.Release|Any CPU.ActiveCfg = Release|Any CPU
		{7F2D0AB9-D674-419F-9D8E-08E14A34E4B4}.Release|Any CPU.Build.0 = Release|Any CPU
		{A7AC7BAC-8AA0-4EDC-BCE2-7DD2069586A2}.Debug|Any CPU.ActiveCfg = Debug|Any CPU
		{A7AC7BAC-8AA0-4EDC-BCE2-7DD2069586A2}.Debug|Any CPU.Build.0 = Debug|Any CPU
		{A7AC7BAC-8AA0-4EDC-BCE2-7DD2069586A2}.Release|Any CPU.ActiveCfg = Release|Any CPU
		{A7AC7BAC-8AA0-4EDC-BCE2-7DD2069586A2}.Release|Any CPU.Build.0 = Release|Any CPU
	EndGlobalSection
	GlobalSection(SolutionProperties) = preSolution
		HideSolutionNode = FALSE
	EndGlobalSection
	GlobalSection(ExtensibilityGlobals) = postSolution
		SolutionGuid = {8680CAD5-45A6-4CF7-951F-F7E0E07824C6}
	EndGlobalSection
EndGlobal
